
Microsoft Visual Studio Solution File, Format Version 12.00
# Visual Studio Version 16
VisualStudioVersion = 16.0.30204.135
MinimumVisualStudioVersion = 10.0.40219.1
Project("{F184B08F-C81C-45F6-A57F-5ABD9991F28F}") = "TestApp", "TestApp.vbproj", "{7F9EBBB3-E71E-45C9-8E40-935B3F9D570E}"
EndProject
Global
	GlobalSection(SolutionConfigurationPlatforms) = preSolution
		Debug|Any CPU = Debug|Any CPU
		Release|Any CPU = Release|Any CPU
	EndGlobalSection
	GlobalSection(ProjectConfigurationPlatforms) = postSolution
		{7F9EBBB3-E71E-45C9-8E40-935B3F9D570E}.Debug|Any CPU.ActiveCfg = Debug|Any CPU
		{7F9EBBB3-E71E-45C9-8E40-935B3F9D570E}.Debug|Any CPU.Build.0 = Debug|Any CPU
		{7F9EBBB3-E71E-45C9-8E40-935B3F9D570E}.Release|Any CPU.ActiveCfg = Release|Any CPU
		{7F9EBBB3-E71E-45C9-8E40-935B3F9D570E}.Release|Any CPU.Build.0 = Release|Any CPU
	EndGlobalSection
	GlobalSection(SolutionProperties) = preSolution
		HideSolutionNode = FALSE
	EndGlobalSection
	GlobalSection(ExtensibilityGlobals) = postSolution
		SolutionGuid = {9456EA3A-5712-4FC0-B6AC-D9EF70AF2797}
	EndGlobalSection
EndGlobal
